
Microsoft Visual Studio Solution File, Format Version 12.00
# Visual Studio 15
VisualStudioVersion = 15.0.28307.421
MinimumVisualStudioVersion = 10.0.40219.1
Project("{FAE04EC0-301F-11D3-BF4B-00C04F79EFBC}") = "RegitForum", "RegitForum\RegitForum.csproj", "{86C8F314-E64D-4757-8733-526217C75FCD}"
EndProject
Global
	GlobalSection(SolutionConfigurationPlatforms) = preSolution
		Debug|Any CPU = Debug|Any CPU
		Release|Any CPU = Release|Any CPU
	EndGlobalSection
	GlobalSection(ProjectConfigurationPlatforms) = postSolution
		{86C8F314-E64D-4757-8733-526217C75FCD}.Debug|Any CPU.ActiveCfg = Debug|Any CPU
		{86C8F314-E64D-4757-8733-526217C75FCD}.Debug|Any CPU.Build.0 = Debug|Any CPU
		{86C8F314-E64D-4757-8733-526217C75FCD}.Release|Any CPU.ActiveCfg = Release|Any CPU
		{86C8F314-E64D-4757-8733-526217C75FCD}.Release|Any CPU.Build.0 = Release|Any CPU
	EndGlobalSection
	GlobalSection(SolutionProperties) = preSolution
		HideSolutionNode = FALSE
	EndGlobalSection
	GlobalSection(ExtensibilityGlobals) = postSolution
		SolutionGuid = {00532AE0-26C4-42CA-A723-826FBDBB6821}
	EndGlobalSection
EndGlobal
